// !$*UTF8*$!
{
	archiveVersion = 1;
	classes = {
	};
	objectVersion = 56;
	objects = {

/* Begin PBXBuildFile section */
		D653A48C2B8411F80016F368 /* ViewController.swift in Sources */ = {isa = PBXBuildFile; fileRef = D653A48A2B8411F80016F368 /* ViewController.swift */; };
		D653A48D2B8411F80016F368 /* ViewController.xib in Resources */ = {isa = PBXBuildFile; fileRef = D653A48B2B8411F80016F368 /* ViewController.xib */; };
		D653A4912B8413600016F368 /* SearchView.xib in Resources */ = {isa = PBXBuildFile; fileRef = D653A48F2B8413600016F368 /* SearchView.xib */; };
		D653A4922B8413600016F368 /* SearchView.swift in Sources */ = {isa = PBXBuildFile; fileRef = D653A4902B8413600016F368 /* SearchView.swift */; };
		D653A4A72B841AD60016F368 /* Poppins-Bold.ttf in Resources */ = {isa = PBXBuildFile; fileRef = D653A4A82B841AD60016F368 /* Poppins-Bold.ttf */; };
		D653A4A92B841ADD0016F368 /* Poppins-Medium.ttf in Resources */ = {isa = PBXBuildFile; fileRef = D653A4AA2B841ADD0016F368 /* Poppins-Medium.ttf */; };
		D653A4AB2B841AE10016F368 /* Poppins-Regular.ttf in Resources */ = {isa = PBXBuildFile; fileRef = D653A4AC2B841AE10016F368 /* Poppins-Regular.ttf */; };
		D653A4AD2B841AE40016F368 /* Poppins-SemiBold.ttf in Resources */ = {isa = PBXBuildFile; fileRef = D653A4AE2B841AE40016F368 /* Poppins-SemiBold.ttf */; };
		D653A4AF2B841B9C0016F368 /* Fonts.swift in Sources */ = {isa = PBXBuildFile; fileRef = D653A4812B840C3B0016F368 /* Fonts.swift */; };
		D653A4B22B841E000016F368 /* HeaderReusableView.swift in Sources */ = {isa = PBXBuildFile; fileRef = D653A4B02B841E000016F368 /* HeaderReusableView.swift */; };
		D653A4B32B841E000016F368 /* HeaderReusableView.xib in Resources */ = {isa = PBXBuildFile; fileRef = D653A4B12B841E000016F368 /* HeaderReusableView.xib */; };
		D653A4B62B8433320016F368 /* UIColor+Extension.swift in Sources */ = {isa = PBXBuildFile; fileRef = D653A4B52B8433320016F368 /* UIColor+Extension.swift */; };
		D66085112B8378720071B562 /* AppDelegate.swift in Sources */ = {isa = PBXBuildFile; fileRef = D66085102B8378720071B562 /* AppDelegate.swift */; };
		D66085132B8378720071B562 /* SceneDelegate.swift in Sources */ = {isa = PBXBuildFile; fileRef = D66085122B8378720071B562 /* SceneDelegate.swift */; };
		D660851A2B8378740071B562 /* Assets.xcassets in Resources */ = {isa = PBXBuildFile; fileRef = D66085192B8378740071B562 /* Assets.xcassets */; };
		D660851D2B8378740071B562 /* LaunchScreen.storyboard in Resources */ = {isa = PBXBuildFile; fileRef = D660851B2B8378740071B562 /* LaunchScreen.storyboard */; };
		D66085282B8378740071B562 /* PettyTests.swift in Sources */ = {isa = PBXBuildFile; fileRef = D66085272B8378740071B562 /* PettyTests.swift */; };
		D66085322B8378740071B562 /* PettyUITests.swift in Sources */ = {isa = PBXBuildFile; fileRef = D66085312B8378740071B562 /* PettyUITests.swift */; };
		D66085342B8378740071B562 /* PettyUITestsLaunchTests.swift in Sources */ = {isa = PBXBuildFile; fileRef = D66085332B8378740071B562 /* PettyUITestsLaunchTests.swift */; };
		D66085422B837C730071B562 /* .swiftlint.yml in Resources */ = {isa = PBXBuildFile; fileRef = D66085412B837C730071B562 /* .swiftlint.yml */; };
		D660854B2B8380B10071B562 /* Localizable.strings in Resources */ = {isa = PBXBuildFile; fileRef = D660854A2B8380B10071B562 /* Localizable.strings */; };
		D660854E2B83830A0071B562 /* swiftgen.yml in Resources */ = {isa = PBXBuildFile; fileRef = D660854D2B83830A0071B562 /* swiftgen.yml */; };
		D66085502B8383390071B562 /* Strings+Generated.swift in Sources */ = {isa = PBXBuildFile; fileRef = D660854F2B8383390071B562 /* Strings+Generated.swift */; };
		D66085532B8383DB0071B562 /* Colors.xcassets in Resources */ = {isa = PBXBuildFile; fileRef = D66085522B8383DB0071B562 /* Colors.xcassets */; };
		D66085572B8385300071B562 /* UICollectionView+Extension.swift in Sources */ = {isa = PBXBuildFile; fileRef = D66085562B8385300071B562 /* UICollectionView+Extension.swift */; };
		D660855A2B8385580071B562 /* UITableView+Extension.swift in Sources */ = {isa = PBXBuildFile; fileRef = D66085592B8385580071B562 /* UITableView+Extension.swift */; };
		D66085632B8386390071B562 /* SectionsLayout.swift in Sources */ = {isa = PBXBuildFile; fileRef = D66085622B8386390071B562 /* SectionsLayout.swift */; };
		D66085752B83894C0071B562 /* FeaturesSection.swift in Sources */ = {isa = PBXBuildFile; fileRef = D66085742B83894C0071B562 /* FeaturesSection.swift */; };
		D66085792B8389690071B562 /* FeaturesCollectionViewCell.swift in Sources */ = {isa = PBXBuildFile; fileRef = D66085772B8389690071B562 /* FeaturesCollectionViewCell.swift */; };
		D660857A2B8389690071B562 /* FeaturesCollectionViewCell.xib in Resources */ = {isa = PBXBuildFile; fileRef = D66085782B8389690071B562 /* FeaturesCollectionViewCell.xib */; };
		D660857C2B83897E0071B562 /* FeaturesModel.swift in Sources */ = {isa = PBXBuildFile; fileRef = D660857B2B83897E0071B562 /* FeaturesModel.swift */; };
		D66085802B839B3C0071B562 /* CategoriesCollectionViewCell.swift in Sources */ = {isa = PBXBuildFile; fileRef = D660857E2B839B3C0071B562 /* CategoriesCollectionViewCell.swift */; };
		D66085812B839B3C0071B562 /* CategoriesCollectionViewCell.xib in Resources */ = {isa = PBXBuildFile; fileRef = D660857F2B839B3C0071B562 /* CategoriesCollectionViewCell.xib */; };
		D66085832B839B6C0071B562 /* CategoriesSection.swift in Sources */ = {isa = PBXBuildFile; fileRef = D66085822B839B6C0071B562 /* CategoriesSection.swift */; };
		D66085852B839B910071B562 /* CategoriesModel.swift in Sources */ = {isa = PBXBuildFile; fileRef = D66085842B839B910071B562 /* CategoriesModel.swift */; };
		D660858F2B83A2A20071B562 /* MultiCollectionViewCell.swift in Sources */ = {isa = PBXBuildFile; fileRef = D660858D2B83A2A20071B562 /* MultiCollectionViewCell.swift */; };
		D66085902B83A2A20071B562 /* MultiCollectionViewCell.xib in Resources */ = {isa = PBXBuildFile; fileRef = D660858E2B83A2A20071B562 /* MultiCollectionViewCell.xib */; };
		D66085922B83A3AD0071B562 /* MultiModel.swift in Sources */ = {isa = PBXBuildFile; fileRef = D66085912B83A3AD0071B562 /* MultiModel.swift */; };
		D66085942B83A51B0071B562 /* MultiSection.swift in Sources */ = {isa = PBXBuildFile; fileRef = D66085932B83A51B0071B562 /* MultiSection.swift */; };
/* End PBXBuildFile section */

/* Begin PBXContainerItemProxy section */
		D66085242B8378740071B562 /* PBXContainerItemProxy */ = {
			isa = PBXContainerItemProxy;
			containerPortal = D66085052B8378720071B562 /* Project object */;
			proxyType = 1;
			remoteGlobalIDString = D660850C2B8378720071B562;
			remoteInfo = Petty;
		};
		D660852E2B8378740071B562 /* PBXContainerItemProxy */ = {
			isa = PBXContainerItemProxy;
			containerPortal = D66085052B8378720071B562 /* Project object */;
			proxyType = 1;
			remoteGlobalIDString = D660850C2B8378720071B562;
			remoteInfo = Petty;
		};
/* End PBXContainerItemProxy section */

/* Begin PBXFileReference section */
		D653A4812B840C3B0016F368 /* Fonts.swift */ = {isa = PBXFileReference; lastKnownFileType = sourcecode.swift; path = Fonts.swift; sourceTree = "<group>"; };
		D653A48A2B8411F80016F368 /* ViewController.swift */ = {isa = PBXFileReference; lastKnownFileType = sourcecode.swift; path = ViewController.swift; sourceTree = "<group>"; };
		D653A48B2B8411F80016F368 /* ViewController.xib */ = {isa = PBXFileReference; lastKnownFileType = file.xib; path = ViewController.xib; sourceTree = "<group>"; };
		D653A48F2B8413600016F368 /* SearchView.xib */ = {isa = PBXFileReference; fileEncoding = 4; lastKnownFileType = file.xib; path = SearchView.xib; sourceTree = "<group>"; };
		D653A4902B8413600016F368 /* SearchView.swift */ = {isa = PBXFileReference; fileEncoding = 4; lastKnownFileType = sourcecode.swift; path = SearchView.swift; sourceTree = "<group>"; };
		D653A4A82B841AD60016F368 /* Poppins-Bold.ttf */ = {isa = PBXFileReference; lastKnownFileType = file; path = "Poppins-Bold.ttf"; sourceTree = "<group>"; };
		D653A4AA2B841ADD0016F368 /* Poppins-Medium.ttf */ = {isa = PBXFileReference; lastKnownFileType = file; path = "Poppins-Medium.ttf"; sourceTree = "<group>"; };
		D653A4AC2B841AE10016F368 /* Poppins-Regular.ttf */ = {isa = PBXFileReference; lastKnownFileType = file; path = "Poppins-Regular.ttf"; sourceTree = "<group>"; };
		D653A4AE2B841AE40016F368 /* Poppins-SemiBold.ttf */ = {isa = PBXFileReference; lastKnownFileType = file; path = "Poppins-SemiBold.ttf"; sourceTree = "<group>"; };
		D653A4B02B841E000016F368 /* HeaderReusableView.swift */ = {isa = PBXFileReference; lastKnownFileType = sourcecode.swift; path = HeaderReusableView.swift; sourceTree = "<group>"; };
		D653A4B12B841E000016F368 /* HeaderReusableView.xib */ = {isa = PBXFileReference; lastKnownFileType = file.xib; path = HeaderReusableView.xib; sourceTree = "<group>"; };
		D653A4B52B8433320016F368 /* UIColor+Extension.swift */ = {isa = PBXFileReference; lastKnownFileType = sourcecode.swift; path = "UIColor+Extension.swift"; sourceTree = "<group>"; };
		D660850D2B8378720071B562 /* Petty.app */ = {isa = PBXFileReference; explicitFileType = wrapper.application; includeInIndex = 0; path = Petty.app; sourceTree = BUILT_PRODUCTS_DIR; };
		D66085102B8378720071B562 /* AppDelegate.swift */ = {isa = PBXFileReference; lastKnownFileType = sourcecode.swift; path = AppDelegate.swift; sourceTree = "<group>"; };
		D66085122B8378720071B562 /* SceneDelegate.swift */ = {isa = PBXFileReference; lastKnownFileType = sourcecode.swift; path = SceneDelegate.swift; sourceTree = "<group>"; };
		D66085192B8378740071B562 /* Assets.xcassets */ = {isa = PBXFileReference; lastKnownFileType = folder.assetcatalog; path = Assets.xcassets; sourceTree = "<group>"; };
		D660851C2B8378740071B562 /* Base */ = {isa = PBXFileReference; lastKnownFileType = file.storyboard; name = Base; path = Base.lproj/LaunchScreen.storyboard; sourceTree = "<group>"; };
		D660851E2B8378740071B562 /* Info.plist */ = {isa = PBXFileReference; lastKnownFileType = text.plist.xml; path = Info.plist; sourceTree = "<group>"; };
		D66085232B8378740071B562 /* PettyTests.xctest */ = {isa = PBXFileReference; explicitFileType = wrapper.cfbundle; includeInIndex = 0; path = PettyTests.xctest; sourceTree = BUILT_PRODUCTS_DIR; };
		D66085272B8378740071B562 /* PettyTests.swift */ = {isa = PBXFileReference; lastKnownFileType = sourcecode.swift; path = PettyTests.swift; sourceTree = "<group>"; };
		D660852D2B8378740071B562 /* PettyUITests.xctest */ = {isa = PBXFileReference; explicitFileType = wrapper.cfbundle; includeInIndex = 0; path = PettyUITests.xctest; sourceTree = BUILT_PRODUCTS_DIR; };
		D66085312B8378740071B562 /* PettyUITests.swift */ = {isa = PBXFileReference; lastKnownFileType = sourcecode.swift; path = PettyUITests.swift; sourceTree = "<group>"; };
		D66085332B8378740071B562 /* PettyUITestsLaunchTests.swift */ = {isa = PBXFileReference; lastKnownFileType = sourcecode.swift; path = PettyUITestsLaunchTests.swift; sourceTree = "<group>"; };
		D66085412B837C730071B562 /* .swiftlint.yml */ = {isa = PBXFileReference; fileEncoding = 4; lastKnownFileType = text.yaml; path = .swiftlint.yml; sourceTree = "<group>"; };
		D660854A2B8380B10071B562 /* Localizable.strings */ = {isa = PBXFileReference; lastKnownFileType = text.plist.strings; path = Localizable.strings; sourceTree = "<group>"; };
		D660854D2B83830A0071B562 /* swiftgen.yml */ = {isa = PBXFileReference; fileEncoding = 4; lastKnownFileType = text.yaml; path = swiftgen.yml; sourceTree = "<group>"; };
		D660854F2B8383390071B562 /* Strings+Generated.swift */ = {isa = PBXFileReference; fileEncoding = 4; lastKnownFileType = sourcecode.swift; path = "Strings+Generated.swift"; sourceTree = "<group>"; };
		D66085522B8383DB0071B562 /* Colors.xcassets */ = {isa = PBXFileReference; lastKnownFileType = folder.assetcatalog; path = Colors.xcassets; sourceTree = "<group>"; };
		D66085562B8385300071B562 /* UICollectionView+Extension.swift */ = {isa = PBXFileReference; lastKnownFileType = sourcecode.swift; path = "UICollectionView+Extension.swift"; sourceTree = "<group>"; };
		D66085592B8385580071B562 /* UITableView+Extension.swift */ = {isa = PBXFileReference; lastKnownFileType = sourcecode.swift; path = "UITableView+Extension.swift"; sourceTree = "<group>"; };
		D66085622B8386390071B562 /* SectionsLayout.swift */ = {isa = PBXFileReference; lastKnownFileType = sourcecode.swift; path = SectionsLayout.swift; sourceTree = "<group>"; };
		D66085742B83894C0071B562 /* FeaturesSection.swift */ = {isa = PBXFileReference; lastKnownFileType = sourcecode.swift; path = FeaturesSection.swift; sourceTree = "<group>"; };
		D66085772B8389690071B562 /* FeaturesCollectionViewCell.swift */ = {isa = PBXFileReference; lastKnownFileType = sourcecode.swift; path = FeaturesCollectionViewCell.swift; sourceTree = "<group>"; };
		D66085782B8389690071B562 /* FeaturesCollectionViewCell.xib */ = {isa = PBXFileReference; lastKnownFileType = file.xib; path = FeaturesCollectionViewCell.xib; sourceTree = "<group>"; };
		D660857B2B83897E0071B562 /* FeaturesModel.swift */ = {isa = PBXFileReference; lastKnownFileType = sourcecode.swift; path = FeaturesModel.swift; sourceTree = "<group>"; };
		D660857E2B839B3C0071B562 /* CategoriesCollectionViewCell.swift */ = {isa = PBXFileReference; lastKnownFileType = sourcecode.swift; path = CategoriesCollectionViewCell.swift; sourceTree = "<group>"; };
		D660857F2B839B3C0071B562 /* CategoriesCollectionViewCell.xib */ = {isa = PBXFileReference; lastKnownFileType = file.xib; path = CategoriesCollectionViewCell.xib; sourceTree = "<group>"; };
		D66085822B839B6C0071B562 /* CategoriesSection.swift */ = {isa = PBXFileReference; lastKnownFileType = sourcecode.swift; path = CategoriesSection.swift; sourceTree = "<group>"; };
		D66085842B839B910071B562 /* CategoriesModel.swift */ = {isa = PBXFileReference; lastKnownFileType = sourcecode.swift; path = CategoriesModel.swift; sourceTree = "<group>"; };
		D660858D2B83A2A20071B562 /* MultiCollectionViewCell.swift */ = {isa = PBXFileReference; lastKnownFileType = sourcecode.swift; path = MultiCollectionViewCell.swift; sourceTree = "<group>"; };
		D660858E2B83A2A20071B562 /* MultiCollectionViewCell.xib */ = {isa = PBXFileReference; lastKnownFileType = file.xib; path = MultiCollectionViewCell.xib; sourceTree = "<group>"; };
		D66085912B83A3AD0071B562 /* MultiModel.swift */ = {isa = PBXFileReference; lastKnownFileType = sourcecode.swift; path = MultiModel.swift; sourceTree = "<group>"; };
		D66085932B83A51B0071B562 /* MultiSection.swift */ = {isa = PBXFileReference; lastKnownFileType = sourcecode.swift; path = MultiSection.swift; sourceTree = "<group>"; };
/* End PBXFileReference section */

/* Begin PBXFrameworksBuildPhase section */
		D660850A2B8378720071B562 /* Frameworks */ = {
			isa = PBXFrameworksBuildPhase;
			buildActionMask = 2147483647;
			files = (
			);
			runOnlyForDeploymentPostprocessing = 0;
		};
		D66085202B8378740071B562 /* Frameworks */ = {
			isa = PBXFrameworksBuildPhase;
			buildActionMask = 2147483647;
			files = (
			);
			runOnlyForDeploymentPostprocessing = 0;
		};
		D660852A2B8378740071B562 /* Frameworks */ = {
			isa = PBXFrameworksBuildPhase;
			buildActionMask = 2147483647;
			files = (
			);
			runOnlyForDeploymentPostprocessing = 0;
		};
/* End PBXFrameworksBuildPhase section */

/* Begin PBXGroup section */
		D653A48E2B8413470016F368 /* SearchBar */ = {
			isa = PBXGroup;
			children = (
				D653A4902B8413600016F368 /* SearchView.swift */,
				D653A48F2B8413600016F368 /* SearchView.xib */,
			);
			path = SearchBar;
			sourceTree = "<group>";
		};
		D653A4B42B8433200016F368 /* UIColor */ = {
			isa = PBXGroup;
			children = (
				D653A4B52B8433320016F368 /* UIColor+Extension.swift */,
			);
			path = UIColor;
			sourceTree = "<group>";
		};
		D66085042B8378720071B562 = {
			isa = PBXGroup;
			children = (
				D66085412B837C730071B562 /* .swiftlint.yml */,
				D660854D2B83830A0071B562 /* swiftgen.yml */,
				D660850F2B8378720071B562 /* Petty */,
				D66085432B83801A0071B562 /* Utilities */,
				D66085442B83802D0071B562 /* Resources */,
				D66085262B8378740071B562 /* PettyTests */,
				D66085302B8378740071B562 /* PettyUITests */,
				D660850E2B8378720071B562 /* Products */,
			);
			sourceTree = "<group>";
		};
		D660850E2B8378720071B562 /* Products */ = {
			isa = PBXGroup;
			children = (
				D660850D2B8378720071B562 /* Petty.app */,
				D66085232B8378740071B562 /* PettyTests.xctest */,
				D660852D2B8378740071B562 /* PettyUITests.xctest */,
			);
			name = Products;
			sourceTree = "<group>";
		};
		D660850F2B8378720071B562 /* Petty */ = {
			isa = PBXGroup;
			children = (
				D660855B2B8385C00071B562 /* Scenes */,
				D66085102B8378720071B562 /* AppDelegate.swift */,
				D66085122B8378720071B562 /* SceneDelegate.swift */,
				D660851E2B8378740071B562 /* Info.plist */,
			);
			path = Petty;
			sourceTree = "<group>";
		};
		D66085262B8378740071B562 /* PettyTests */ = {
			isa = PBXGroup;
			children = (
				D66085272B8378740071B562 /* PettyTests.swift */,
			);
			path = PettyTests;
			sourceTree = "<group>";
		};
		D66085302B8378740071B562 /* PettyUITests */ = {
			isa = PBXGroup;
			children = (
				D66085312B8378740071B562 /* PettyUITests.swift */,
				D66085332B8378740071B562 /* PettyUITestsLaunchTests.swift */,
			);
			path = PettyUITests;
			sourceTree = "<group>";
		};
		D66085432B83801A0071B562 /* Utilities */ = {
			isa = PBXGroup;
			children = (
				D66085862B83A12E0071B562 /* Custom Views */,
				D66085612B83861A0071B562 /* CompositionalLayout */,
				D66085542B8385120071B562 /* Extensions */,
			);
			path = Utilities;
			sourceTree = "<group>";
		};
		D66085442B83802D0071B562 /* Resources */ = {
			isa = PBXGroup;
			children = (
				D66085452B83803C0071B562 /* LaunchScreen */,
				D66085462B8380630071B562 /* Fonts */,
				D66085472B8380680071B562 /* Assets */,
				D66085482B8380860071B562 /* Generated */,
				D66085492B8380900071B562 /* Localization */,
			);
			path = Resources;
			sourceTree = "<group>";
		};
		D66085452B83803C0071B562 /* LaunchScreen */ = {
			isa = PBXGroup;
			children = (
				D660851B2B8378740071B562 /* LaunchScreen.storyboard */,
			);
			path = LaunchScreen;
			sourceTree = "<group>";
		};
		D66085462B8380630071B562 /* Fonts */ = {
			isa = PBXGroup;
			children = (
				D653A4A82B841AD60016F368 /* Poppins-Bold.ttf */,
				D653A4AA2B841ADD0016F368 /* Poppins-Medium.ttf */,
				D653A4AC2B841AE10016F368 /* Poppins-Regular.ttf */,
				D653A4AE2B841AE40016F368 /* Poppins-SemiBold.ttf */,
				D653A4812B840C3B0016F368 /* Fonts.swift */,
			);
			path = Fonts;
			sourceTree = "<group>";
		};
		D66085472B8380680071B562 /* Assets */ = {
			isa = PBXGroup;
			children = (
				D66085192B8378740071B562 /* Assets.xcassets */,
				D66085522B8383DB0071B562 /* Colors.xcassets */,
			);
			path = Assets;
			sourceTree = "<group>";
		};
		D66085482B8380860071B562 /* Generated */ = {
			isa = PBXGroup;
			children = (
				D660854F2B8383390071B562 /* Strings+Generated.swift */,
			);
			path = Generated;
			sourceTree = "<group>";
		};
		D66085492B8380900071B562 /* Localization */ = {
			isa = PBXGroup;
			children = (
				D660854A2B8380B10071B562 /* Localizable.strings */,
			);
			path = Localization;
			sourceTree = "<group>";
		};
		D66085542B8385120071B562 /* Extensions */ = {
			isa = PBXGroup;
			children = (
				D653A4B42B8433200016F368 /* UIColor */,
				D66085582B83854E0071B562 /* UITableView */,
				D66085552B8385210071B562 /* UICollectionView */,
			);
			path = Extensions;
			sourceTree = "<group>";
		};
		D66085552B8385210071B562 /* UICollectionView */ = {
			isa = PBXGroup;
			children = (
				D66085562B8385300071B562 /* UICollectionView+Extension.swift */,
			);
			path = UICollectionView;
			sourceTree = "<group>";
		};
		D66085582B83854E0071B562 /* UITableView */ = {
			isa = PBXGroup;
			children = (
				D66085592B8385580071B562 /* UITableView+Extension.swift */,
			);
			path = UITableView;
			sourceTree = "<group>";
		};
		D660855B2B8385C00071B562 /* Scenes */ = {
			isa = PBXGroup;
			children = (
				D660855C2B8385C60071B562 /* TabBar */,
			);
			path = Scenes;
			sourceTree = "<group>";
		};
		D660855C2B8385C60071B562 /* TabBar */ = {
			isa = PBXGroup;
			children = (
				D660855D2B8385E60071B562 /* Home */,
				D660855E2B8385EB0071B562 /* Mart */,
				D660855F2B8385F00071B562 /* Service */,
				D66085602B8385F60071B562 /* Pet */,
			);
			path = TabBar;
			sourceTree = "<group>";
		};
		D660855D2B8385E60071B562 /* Home */ = {
			isa = PBXGroup;
			children = (
				D66085702B83891A0071B562 /* Factory */,
				D660856F2B8389150071B562 /* Sections */,
				D653A48A2B8411F80016F368 /* ViewController.swift */,
				D653A48B2B8411F80016F368 /* ViewController.xib */,
			);
			path = Home;
			sourceTree = "<group>";
		};
		D660855E2B8385EB0071B562 /* Mart */ = {
			isa = PBXGroup;
			children = (
			);
			path = Mart;
			sourceTree = "<group>";
		};
		D660855F2B8385F00071B562 /* Service */ = {
			isa = PBXGroup;
			children = (
			);
			path = Service;
			sourceTree = "<group>";
		};
		D66085602B8385F60071B562 /* Pet */ = {
			isa = PBXGroup;
			children = (
			);
			path = Pet;
			sourceTree = "<group>";
		};
		D66085612B83861A0071B562 /* CompositionalLayout */ = {
			isa = PBXGroup;
			children = (
				D66085622B8386390071B562 /* SectionsLayout.swift */,
			);
			path = CompositionalLayout;
			sourceTree = "<group>";
		};
		D660856F2B8389150071B562 /* Sections */ = {
			isa = PBXGroup;
			children = (
				D660858C2B83A2820071B562 /* MultiSection */,
				D660857D2B839AEA0071B562 /* CategoriesScetion */,
				D66085732B83893D0071B562 /* HeaderSection */,
			);
			path = Sections;
			sourceTree = "<group>";
		};
		D66085702B83891A0071B562 /* Factory */ = {
			isa = PBXGroup;
			children = (
			);
			path = Factory;
			sourceTree = "<group>";
		};
		D66085732B83893D0071B562 /* HeaderSection */ = {
			isa = PBXGroup;
			children = (
				D66085742B83894C0071B562 /* FeaturesSection.swift */,
				D66085772B8389690071B562 /* FeaturesCollectionViewCell.swift */,
				D66085782B8389690071B562 /* FeaturesCollectionViewCell.xib */,
				D660857B2B83897E0071B562 /* FeaturesModel.swift */,
			);
			path = HeaderSection;
			sourceTree = "<group>";
		};
		D660857D2B839AEA0071B562 /* CategoriesScetion */ = {
			isa = PBXGroup;
			children = (
				D660857E2B839B3C0071B562 /* CategoriesCollectionViewCell.swift */,
				D660857F2B839B3C0071B562 /* CategoriesCollectionViewCell.xib */,
				D66085822B839B6C0071B562 /* CategoriesSection.swift */,
				D66085842B839B910071B562 /* CategoriesModel.swift */,
			);
			path = CategoriesScetion;
			sourceTree = "<group>";
		};
		D66085862B83A12E0071B562 /* Custom Views */ = {
			isa = PBXGroup;
			children = (
				D653A48E2B8413470016F368 /* SearchBar */,
				D66085872B83A1370071B562 /* SupplementaryView */,
			);
			path = "Custom Views";
			sourceTree = "<group>";
		};
		D66085872B83A1370071B562 /* SupplementaryView */ = {
			isa = PBXGroup;
			children = (
				D653A4B02B841E000016F368 /* HeaderReusableView.swift */,
				D653A4B12B841E000016F368 /* HeaderReusableView.xib */,
			);
			path = SupplementaryView;
			sourceTree = "<group>";
		};
		D660858C2B83A2820071B562 /* MultiSection */ = {
			isa = PBXGroup;
			children = (
				D660858D2B83A2A20071B562 /* MultiCollectionViewCell.swift */,
				D660858E2B83A2A20071B562 /* MultiCollectionViewCell.xib */,
				D66085912B83A3AD0071B562 /* MultiModel.swift */,
				D66085932B83A51B0071B562 /* MultiSection.swift */,
			);
			path = MultiSection;
			sourceTree = "<group>";
		};
/* End PBXGroup section */

/* Begin PBXNativeTarget section */
		D660850C2B8378720071B562 /* Petty */ = {
			isa = PBXNativeTarget;
			buildConfigurationList = D66085372B8378740071B562 /* Build configuration list for PBXNativeTarget "Petty" */;
			buildPhases = (
				D660854C2B8382940071B562 /* swiftgen */,
				D66085402B837BD70071B562 /* swiftlint */,
				D66085092B8378720071B562 /* Sources */,
				D660850A2B8378720071B562 /* Frameworks */,
				D660850B2B8378720071B562 /* Resources */,
			);
			buildRules = (
			);
			dependencies = (
			);
			name = Petty;
			productName = Petty;
			productReference = D660850D2B8378720071B562 /* Petty.app */;
			productType = "com.apple.product-type.application";
		};
		D66085222B8378740071B562 /* PettyTests */ = {
			isa = PBXNativeTarget;
			buildConfigurationList = D660853A2B8378740071B562 /* Build configuration list for PBXNativeTarget "PettyTests" */;
			buildPhases = (
				D660851F2B8378740071B562 /* Sources */,
				D66085202B8378740071B562 /* Frameworks */,
				D66085212B8378740071B562 /* Resources */,
			);
			buildRules = (
			);
			dependencies = (
				D66085252B8378740071B562 /* PBXTargetDependency */,
			);
			name = PettyTests;
			productName = PettyTests;
			productReference = D66085232B8378740071B562 /* PettyTests.xctest */;
			productType = "com.apple.product-type.bundle.unit-test";
		};
		D660852C2B8378740071B562 /* PettyUITests */ = {
			isa = PBXNativeTarget;
			buildConfigurationList = D660853D2B8378740071B562 /* Build configuration list for PBXNativeTarget "PettyUITests" */;
			buildPhases = (
				D66085292B8378740071B562 /* Sources */,
				D660852A2B8378740071B562 /* Frameworks */,
				D660852B2B8378740071B562 /* Resources */,
			);
			buildRules = (
			);
			dependencies = (
				D660852F2B8378740071B562 /* PBXTargetDependency */,
			);
			name = PettyUITests;
			productName = PettyUITests;
			productReference = D660852D2B8378740071B562 /* PettyUITests.xctest */;
			productType = "com.apple.product-type.bundle.ui-testing";
		};
/* End PBXNativeTarget section */

/* Begin PBXProject section */
		D66085052B8378720071B562 /* Project object */ = {
			isa = PBXProject;
			attributes = {
				BuildIndependentTargetsInParallel = 1;
				LastSwiftUpdateCheck = 1500;
				LastUpgradeCheck = 1500;
				TargetAttributes = {
					D660850C2B8378720071B562 = {
						CreatedOnToolsVersion = 15.0.1;
					};
					D66085222B8378740071B562 = {
						CreatedOnToolsVersion = 15.0.1;
						TestTargetID = D660850C2B8378720071B562;
					};
					D660852C2B8378740071B562 = {
						CreatedOnToolsVersion = 15.0.1;
						TestTargetID = D660850C2B8378720071B562;
					};
				};
			};
			buildConfigurationList = D66085082B8378720071B562 /* Build configuration list for PBXProject "Petty" */;
			compatibilityVersion = "Xcode 14.0";
			developmentRegion = en;
			hasScannedForEncodings = 0;
			knownRegions = (
				en,
				Base,
			);
			mainGroup = D66085042B8378720071B562;
			productRefGroup = D660850E2B8378720071B562 /* Products */;
			projectDirPath = "";
			projectRoot = "";
			targets = (
				D660850C2B8378720071B562 /* Petty */,
				D66085222B8378740071B562 /* PettyTests */,
				D660852C2B8378740071B562 /* PettyUITests */,
			);
		};
/* End PBXProject section */

/* Begin PBXResourcesBuildPhase section */
		D660850B2B8378720071B562 /* Resources */ = {
			isa = PBXResourcesBuildPhase;
			buildActionMask = 2147483647;
			files = (
				D660854B2B8380B10071B562 /* Localizable.strings in Resources */,
				D653A4A92B841ADD0016F368 /* Poppins-Medium.ttf in Resources */,
				D66085422B837C730071B562 /* .swiftlint.yml in Resources */,
				D660851D2B8378740071B562 /* LaunchScreen.storyboard in Resources */,
				D653A4AD2B841AE40016F368 /* Poppins-SemiBold.ttf in Resources */,
				D660851A2B8378740071B562 /* Assets.xcassets in Resources */,
				D66085812B839B3C0071B562 /* CategoriesCollectionViewCell.xib in Resources */,
				D66085902B83A2A20071B562 /* MultiCollectionViewCell.xib in Resources */,
				D660857A2B8389690071B562 /* FeaturesCollectionViewCell.xib in Resources */,
				D653A4B32B841E000016F368 /* HeaderReusableView.xib in Resources */,
				D653A4AB2B841AE10016F368 /* Poppins-Regular.ttf in Resources */,
				D653A4A72B841AD60016F368 /* Poppins-Bold.ttf in Resources */,
				D653A4912B8413600016F368 /* SearchView.xib in Resources */,
				D660854E2B83830A0071B562 /* swiftgen.yml in Resources */,
				D66085532B8383DB0071B562 /* Colors.xcassets in Resources */,
				D653A48D2B8411F80016F368 /* ViewController.xib in Resources */,
			);
			runOnlyForDeploymentPostprocessing = 0;
		};
		D66085212B8378740071B562 /* Resources */ = {
			isa = PBXResourcesBuildPhase;
			buildActionMask = 2147483647;
			files = (
			);
			runOnlyForDeploymentPostprocessing = 0;
		};
		D660852B2B8378740071B562 /* Resources */ = {
			isa = PBXResourcesBuildPhase;
			buildActionMask = 2147483647;
			files = (
			);
			runOnlyForDeploymentPostprocessing = 0;
		};
/* End PBXResourcesBuildPhase section */

/* Begin PBXShellScriptBuildPhase section */
		D66085402B837BD70071B562 /* swiftlint */ = {
			isa = PBXShellScriptBuildPhase;
			buildActionMask = 2147483647;
			files = (
			);
			inputFileListPaths = (
			);
			inputPaths = (
			);
			name = swiftlint;
			outputFileListPaths = (
			);
			outputPaths = (
			);
			runOnlyForDeploymentPostprocessing = 0;
			shellPath = /bin/sh;
			shellScript = "export PATH=\"$PATH:/opt/homebrew/bin\"\nif which swiftlint >/dev/null; then\n  swiftlint\nelse\n  echo \"warning: SwiftLint not installed, download from https://github.com/realm/SwiftLint\"\nfi \n\n";
		};
		D660854C2B8382940071B562 /* swiftgen */ = {
			isa = PBXShellScriptBuildPhase;
			buildActionMask = 2147483647;
			files = (
			);
			inputFileListPaths = (
			);
			inputPaths = (
			);
			name = swiftgen;
			outputFileListPaths = (
			);
			outputPaths = (
			);
			runOnlyForDeploymentPostprocessing = 0;
			shellPath = /bin/sh;
			shellScript = "# Type a script or drag a script file from your workspace to insert its path.\nexport PATH=\"$PATH:/opt/homebrew/bin\"\nif which swiftgen >/dev/null; then\n  swiftgen\nelse\n  echo \"warning: get not installed, download from https://github.com/realm/SwiftLint\"\nfi \n\n";
		};
/* End PBXShellScriptBuildPhase section */

/* Begin PBXSourcesBuildPhase section */
		D66085092B8378720071B562 /* Sources */ = {
			isa = PBXSourcesBuildPhase;
			buildActionMask = 2147483647;
			files = (
				D66085792B8389690071B562 /* FeaturesCollectionViewCell.swift in Sources */,
				D653A4B22B841E000016F368 /* HeaderReusableView.swift in Sources */,
				D66085112B8378720071B562 /* AppDelegate.swift in Sources */,
				D66085502B8383390071B562 /* Strings+Generated.swift in Sources */,
				D66085632B8386390071B562 /* SectionsLayout.swift in Sources */,
				D660857C2B83897E0071B562 /* FeaturesModel.swift in Sources */,
				D66085852B839B910071B562 /* CategoriesModel.swift in Sources */,
				D66085922B83A3AD0071B562 /* MultiModel.swift in Sources */,
				D66085132B8378720071B562 /* SceneDelegate.swift in Sources */,
				D66085752B83894C0071B562 /* FeaturesSection.swift in Sources */,
				D653A4922B8413600016F368 /* SearchView.swift in Sources */,
				D66085572B8385300071B562 /* UICollectionView+Extension.swift in Sources */,
				D66085802B839B3C0071B562 /* CategoriesCollectionViewCell.swift in Sources */,
				D653A48C2B8411F80016F368 /* ViewController.swift in Sources */,
				D66085832B839B6C0071B562 /* CategoriesSection.swift in Sources */,
				D66085942B83A51B0071B562 /* MultiSection.swift in Sources */,
				D660855A2B8385580071B562 /* UITableView+Extension.swift in Sources */,
				D653A4AF2B841B9C0016F368 /* Fonts.swift in Sources */,
				D660858F2B83A2A20071B562 /* MultiCollectionViewCell.swift in Sources */,
				D653A4B62B8433320016F368 /* UIColor+Extension.swift in Sources */,
			);
			runOnlyForDeploymentPostprocessing = 0;
		};
		D660851F2B8378740071B562 /* Sources */ = {
			isa = PBXSourcesBuildPhase;
			buildActionMask = 2147483647;
			files = (
				D66085282B8378740071B562 /* PettyTests.swift in Sources */,
			);
			runOnlyForDeploymentPostprocessing = 0;
		};
		D66085292B8378740071B562 /* Sources */ = {
			isa = PBXSourcesBuildPhase;
			buildActionMask = 2147483647;
			files = (
				D66085322B8378740071B562 /* PettyUITests.swift in Sources */,
				D66085342B8378740071B562 /* PettyUITestsLaunchTests.swift in Sources */,
			);
			runOnlyForDeploymentPostprocessing = 0;
		};
/* End PBXSourcesBuildPhase section */

/* Begin PBXTargetDependency section */
		D66085252B8378740071B562 /* PBXTargetDependency */ = {
			isa = PBXTargetDependency;
			target = D660850C2B8378720071B562 /* Petty */;
			targetProxy = D66085242B8378740071B562 /* PBXContainerItemProxy */;
		};
		D660852F2B8378740071B562 /* PBXTargetDependency */ = {
			isa = PBXTargetDependency;
			target = D660850C2B8378720071B562 /* Petty */;
			targetProxy = D660852E2B8378740071B562 /* PBXContainerItemProxy */;
		};
/* End PBXTargetDependency section */

/* Begin PBXVariantGroup section */
		D660851B2B8378740071B562 /* LaunchScreen.storyboard */ = {
			isa = PBXVariantGroup;
			children = (
				D660851C2B8378740071B562 /* Base */,
			);
			name = LaunchScreen.storyboard;
			sourceTree = "<group>";
		};
/* End PBXVariantGroup section */

/* Begin XCBuildConfiguration section */
		D66085352B8378740071B562 /* Debug */ = {
			isa = XCBuildConfiguration;
			buildSettings = {
				ALWAYS_SEARCH_USER_PATHS = NO;
				ASSETCATALOG_COMPILER_GENERATE_SWIFT_ASSET_SYMBOL_EXTENSIONS = YES;
				CLANG_ANALYZER_NONNULL = YES;
				CLANG_ANALYZER_NUMBER_OBJECT_CONVERSION = YES_AGGRESSIVE;
				CLANG_CXX_LANGUAGE_STANDARD = "gnu++20";
				CLANG_ENABLE_MODULES = YES;
				CLANG_ENABLE_OBJC_ARC = YES;
				CLANG_ENABLE_OBJC_WEAK = YES;
				CLANG_WARN_BLOCK_CAPTURE_AUTORELEASING = YES;
				CLANG_WARN_BOOL_CONVERSION = YES;
				CLANG_WARN_COMMA = YES;
				CLANG_WARN_CONSTANT_CONVERSION = YES;
				CLANG_WARN_DEPRECATED_OBJC_IMPLEMENTATIONS = YES;
				CLANG_WARN_DIRECT_OBJC_ISA_USAGE = YES_ERROR;
				CLANG_WARN_DOCUMENTATION_COMMENTS = YES;
				CLANG_WARN_EMPTY_BODY = YES;
				CLANG_WARN_ENUM_CONVERSION = YES;
				CLANG_WARN_INFINITE_RECURSION = YES;
				CLANG_WARN_INT_CONVERSION = YES;
				CLANG_WARN_NON_LITERAL_NULL_CONVERSION = YES;
				CLANG_WARN_OBJC_IMPLICIT_RETAIN_SELF = YES;
				CLANG_WARN_OBJC_LITERAL_CONVERSION = YES;
				CLANG_WARN_OBJC_ROOT_CLASS = YES_ERROR;
				CLANG_WARN_QUOTED_INCLUDE_IN_FRAMEWORK_HEADER = YES;
				CLANG_WARN_RANGE_LOOP_ANALYSIS = YES;
				CLANG_WARN_STRICT_PROTOTYPES = YES;
				CLANG_WARN_SUSPICIOUS_MOVE = YES;
				CLANG_WARN_UNGUARDED_AVAILABILITY = YES_AGGRESSIVE;
				CLANG_WARN_UNREACHABLE_CODE = YES;
				CLANG_WARN__DUPLICATE_METHOD_MATCH = YES;
				COPY_PHASE_STRIP = NO;
				DEBUG_INFORMATION_FORMAT = dwarf;
				ENABLE_STRICT_OBJC_MSGSEND = YES;
				ENABLE_TESTABILITY = YES;
				ENABLE_USER_SCRIPT_SANDBOXING = YES;
				GCC_C_LANGUAGE_STANDARD = gnu17;
				GCC_DYNAMIC_NO_PIC = NO;
				GCC_NO_COMMON_BLOCKS = YES;
				GCC_OPTIMIZATION_LEVEL = 0;
				GCC_PREPROCESSOR_DEFINITIONS = (
					"DEBUG=1",
					"$(inherited)",
				);
				GCC_WARN_64_TO_32_BIT_CONVERSION = YES;
				GCC_WARN_ABOUT_RETURN_TYPE = YES_ERROR;
				GCC_WARN_UNDECLARED_SELECTOR = YES;
				GCC_WARN_UNINITIALIZED_AUTOS = YES_AGGRESSIVE;
				GCC_WARN_UNUSED_FUNCTION = YES;
				GCC_WARN_UNUSED_VARIABLE = YES;
				IPHONEOS_DEPLOYMENT_TARGET = 17.0;
				LOCALIZATION_PREFERS_STRING_CATALOGS = YES;
				MTL_ENABLE_DEBUG_INFO = INCLUDE_SOURCE;
				MTL_FAST_MATH = YES;
				ONLY_ACTIVE_ARCH = YES;
				SDKROOT = iphoneos;
				SWIFT_ACTIVE_COMPILATION_CONDITIONS = "DEBUG $(inherited)";
				SWIFT_OPTIMIZATION_LEVEL = "-Onone";
			};
			name = Debug;
		};
		D66085362B8378740071B562 /* Release */ = {
			isa = XCBuildConfiguration;
			buildSettings = {
				ALWAYS_SEARCH_USER_PATHS = NO;
				ASSETCATALOG_COMPILER_GENERATE_SWIFT_ASSET_SYMBOL_EXTENSIONS = YES;
				CLANG_ANALYZER_NONNULL = YES;
				CLANG_ANALYZER_NUMBER_OBJECT_CONVERSION = YES_AGGRESSIVE;
				CLANG_CXX_LANGUAGE_STANDARD = "gnu++20";
				CLANG_ENABLE_MODULES = YES;
				CLANG_ENABLE_OBJC_ARC = YES;
				CLANG_ENABLE_OBJC_WEAK = YES;
				CLANG_WARN_BLOCK_CAPTURE_AUTORELEASING = YES;
				CLANG_WARN_BOOL_CONVERSION = YES;
				CLANG_WARN_COMMA = YES;
				CLANG_WARN_CONSTANT_CONVERSION = YES;
				CLANG_WARN_DEPRECATED_OBJC_IMPLEMENTATIONS = YES;
				CLANG_WARN_DIRECT_OBJC_ISA_USAGE = YES_ERROR;
				CLANG_WARN_DOCUMENTATION_COMMENTS = YES;
				CLANG_WARN_EMPTY_BODY = YES;
				CLANG_WARN_ENUM_CONVERSION = YES;
				CLANG_WARN_INFINITE_RECURSION = YES;
				CLANG_WARN_INT_CONVERSION = YES;
				CLANG_WARN_NON_LITERAL_NULL_CONVERSION = YES;
				CLANG_WARN_OBJC_IMPLICIT_RETAIN_SELF = YES;
				CLANG_WARN_OBJC_LITERAL_CONVERSION = YES;
				CLANG_WARN_OBJC_ROOT_CLASS = YES_ERROR;
				CLANG_WARN_QUOTED_INCLUDE_IN_FRAMEWORK_HEADER = YES;
				CLANG_WARN_RANGE_LOOP_ANALYSIS = YES;
				CLANG_WARN_STRICT_PROTOTYPES = YES;
				CLANG_WARN_SUSPICIOUS_MOVE = YES;
				CLANG_WARN_UNGUARDED_AVAILABILITY = YES_AGGRESSIVE;
				CLANG_WARN_UNREACHABLE_CODE = YES;
				CLANG_WARN__DUPLICATE_METHOD_MATCH = YES;
				COPY_PHASE_STRIP = NO;
				DEBUG_INFORMATION_FORMAT = "dwarf-with-dsym";
				ENABLE_NS_ASSERTIONS = NO;
				ENABLE_STRICT_OBJC_MSGSEND = YES;
				ENABLE_USER_SCRIPT_SANDBOXING = YES;
				GCC_C_LANGUAGE_STANDARD = gnu17;
				GCC_NO_COMMON_BLOCKS = YES;
				GCC_WARN_64_TO_32_BIT_CONVERSION = YES;
				GCC_WARN_ABOUT_RETURN_TYPE = YES_ERROR;
				GCC_WARN_UNDECLARED_SELECTOR = YES;
				GCC_WARN_UNINITIALIZED_AUTOS = YES_AGGRESSIVE;
				GCC_WARN_UNUSED_FUNCTION = YES;
				GCC_WARN_UNUSED_VARIABLE = YES;
				IPHONEOS_DEPLOYMENT_TARGET = 17.0;
				LOCALIZATION_PREFERS_STRING_CATALOGS = YES;
				MTL_ENABLE_DEBUG_INFO = NO;
				MTL_FAST_MATH = YES;
				SDKROOT = iphoneos;
				SWIFT_COMPILATION_MODE = wholemodule;
				VALIDATE_PRODUCT = YES;
			};
			name = Release;
		};
		D66085382B8378740071B562 /* Debug */ = {
			isa = XCBuildConfiguration;
			buildSettings = {
				ASSETCATALOG_COMPILER_APPICON_NAME = AppIcon;
				ASSETCATALOG_COMPILER_GLOBAL_ACCENT_COLOR_NAME = AccentColor;
				CODE_SIGN_STYLE = Automatic;
				CURRENT_PROJECT_VERSION = 1;
				DEVELOPMENT_TEAM = Z9VC2L39AT;
				ENABLE_USER_SCRIPT_SANDBOXING = NO;
				GENERATE_INFOPLIST_FILE = YES;
				INFOPLIST_FILE = Petty/Info.plist;
				INFOPLIST_KEY_UIApplicationSupportsIndirectInputEvents = YES;
				INFOPLIST_KEY_UILaunchStoryboardName = LaunchScreen;
				INFOPLIST_KEY_UISupportedInterfaceOrientations = UIInterfaceOrientationPortrait;
				INFOPLIST_KEY_UISupportedInterfaceOrientations_iPad = "UIInterfaceOrientationLandscapeLeft UIInterfaceOrientationLandscapeRight UIInterfaceOrientationPortrait UIInterfaceOrientationPortraitUpsideDown";
				IPHONEOS_DEPLOYMENT_TARGET = 13.0;
				LD_RUNPATH_SEARCH_PATHS = (
					"$(inherited)",
					"@executable_path/Frameworks",
				);
				MARKETING_VERSION = 1.0;
				PRODUCT_BUNDLE_IDENTIFIER = co.thenasserr.Petty;
				PRODUCT_NAME = "$(TARGET_NAME)";
				SWIFT_EMIT_LOC_STRINGS = YES;
				SWIFT_VERSION = 5.0;
				TARGETED_DEVICE_FAMILY = "1,2";
			};
			name = Debug;
		};
		D66085392B8378740071B562 /* Release */ = {
			isa = XCBuildConfiguration;
			buildSettings = {
				ASSETCATALOG_COMPILER_APPICON_NAME = AppIcon;
				ASSETCATALOG_COMPILER_GLOBAL_ACCENT_COLOR_NAME = AccentColor;
				CODE_SIGN_STYLE = Automatic;
				CURRENT_PROJECT_VERSION = 1;
				DEVELOPMENT_TEAM = Z9VC2L39AT;
				ENABLE_USER_SCRIPT_SANDBOXING = NO;
				GENERATE_INFOPLIST_FILE = YES;
				INFOPLIST_FILE = Petty/Info.plist;
				INFOPLIST_KEY_UIApplicationSupportsIndirectInputEvents = YES;
				INFOPLIST_KEY_UILaunchStoryboardName = LaunchScreen;
				INFOPLIST_KEY_UISupportedInterfaceOrientations = UIInterfaceOrientationPortrait;
				INFOPLIST_KEY_UISupportedInterfaceOrientations_iPad = "UIInterfaceOrientationLandscapeLeft UIInterfaceOrientationLandscapeRight UIInterfaceOrientationPortrait UIInterfaceOrientationPortraitUpsideDown";
				IPHONEOS_DEPLOYMENT_TARGET = 13.0;
				LD_RUNPATH_SEARCH_PATHS = (
					"$(inherited)",
					"@executable_path/Frameworks",
				);
				MARKETING_VERSION = 1.0;
				PRODUCT_BUNDLE_IDENTIFIER = co.thenasserr.Petty;
				PRODUCT_NAME = "$(TARGET_NAME)";
				SWIFT_EMIT_LOC_STRINGS = YES;
				SWIFT_VERSION = 5.0;
				TARGETED_DEVICE_FAMILY = "1,2";
			};
			name = Release;
		};
		D660853B2B8378740071B562 /* Debug */ = {
			isa = XCBuildConfiguration;
			buildSettings = {
				ALWAYS_EMBED_SWIFT_STANDARD_LIBRARIES = YES;
				BUNDLE_LOADER = "$(TEST_HOST)";
				CODE_SIGN_STYLE = Automatic;
				CURRENT_PROJECT_VERSION = 1;
				DEVELOPMENT_TEAM = Z9VC2L39AT;
				GENERATE_INFOPLIST_FILE = YES;
				IPHONEOS_DEPLOYMENT_TARGET = 17.0;
				MARKETING_VERSION = 1.0;
				PRODUCT_BUNDLE_IDENTIFIER = co.thenasserr.PettyTests;
				PRODUCT_NAME = "$(TARGET_NAME)";
				SWIFT_EMIT_LOC_STRINGS = NO;
				SWIFT_VERSION = 5.0;
				TARGETED_DEVICE_FAMILY = "1,2";
				TEST_HOST = "$(BUILT_PRODUCTS_DIR)/Petty.app/$(BUNDLE_EXECUTABLE_FOLDER_PATH)/Petty";
			};
			name = Debug;
		};
		D660853C2B8378740071B562 /* Release */ = {
			isa = XCBuildConfiguration;
			buildSettings = {
				ALWAYS_EMBED_SWIFT_STANDARD_LIBRARIES = YES;
				BUNDLE_LOADER = "$(TEST_HOST)";
				CODE_SIGN_STYLE = Automatic;
				CURRENT_PROJECT_VERSION = 1;
				DEVELOPMENT_TEAM = Z9VC2L39AT;
				GENERATE_INFOPLIST_FILE = YES;
				IPHONEOS_DEPLOYMENT_TARGET = 17.0;
				MARKETING_VERSION = 1.0;
				PRODUCT_BUNDLE_IDENTIFIER = co.thenasserr.PettyTests;
				PRODUCT_NAME = "$(TARGET_NAME)";
				SWIFT_EMIT_LOC_STRINGS = NO;
				SWIFT_VERSION = 5.0;
				TARGETED_DEVICE_FAMILY = "1,2";
				TEST_HOST = "$(BUILT_PRODUCTS_DIR)/Petty.app/$(BUNDLE_EXECUTABLE_FOLDER_PATH)/Petty";
			};
			name = Release;
		};
		D660853E2B8378740071B562 /* Debug */ = {
			isa = XCBuildConfiguration;
			buildSettings = {
				ALWAYS_EMBED_SWIFT_STANDARD_LIBRARIES = YES;
				CODE_SIGN_STYLE = Automatic;
				CURRENT_PROJECT_VERSION = 1;
				DEVELOPMENT_TEAM = Z9VC2L39AT;
				GENERATE_INFOPLIST_FILE = YES;
				MARKETING_VERSION = 1.0;
				PRODUCT_BUNDLE_IDENTIFIER = co.thenasserr.PettyUITests;
				PRODUCT_NAME = "$(TARGET_NAME)";
				SWIFT_EMIT_LOC_STRINGS = NO;
				SWIFT_VERSION = 5.0;
				TARGETED_DEVICE_FAMILY = "1,2";
				TEST_TARGET_NAME = Petty;
			};
			name = Debug;
		};
		D660853F2B8378740071B562 /* Release */ = {
			isa = XCBuildConfiguration;
			buildSettings = {
				ALWAYS_EMBED_SWIFT_STANDARD_LIBRARIES = YES;
				CODE_SIGN_STYLE = Automatic;
				CURRENT_PROJECT_VERSION = 1;
				DEVELOPMENT_TEAM = Z9VC2L39AT;
				GENERATE_INFOPLIST_FILE = YES;
				MARKETING_VERSION = 1.0;
				PRODUCT_BUNDLE_IDENTIFIER = co.thenasserr.PettyUITests;
				PRODUCT_NAME = "$(TARGET_NAME)";
				SWIFT_EMIT_LOC_STRINGS = NO;
				SWIFT_VERSION = 5.0;
				TARGETED_DEVICE_FAMILY = "1,2";
				TEST_TARGET_NAME = Petty;
			};
			name = Release;
		};
/* End XCBuildConfiguration section */

/* Begin XCConfigurationList section */
		D66085082B8378720071B562 /* Build configuration list for PBXProject "Petty" */ = {
			isa = XCConfigurationList;
			buildConfigurations = (
				D66085352B8378740071B562 /* Debug */,
				D66085362B8378740071B562 /* Release */,
			);
			defaultConfigurationIsVisible = 0;
			defaultConfigurationName = Release;
		};
		D66085372B8378740071B562 /* Build configuration list for PBXNativeTarget "Petty" */ = {
			isa = XCConfigurationList;
			buildConfigurations = (
				D66085382B8378740071B562 /* Debug */,
				D66085392B8378740071B562 /* Release */,
			);
			defaultConfigurationIsVisible = 0;
			defaultConfigurationName = Release;
		};
		D660853A2B8378740071B562 /* Build configuration list for PBXNativeTarget "PettyTests" */ = {
			isa = XCConfigurationList;
			buildConfigurations = (
				D660853B2B8378740071B562 /* Debug */,
				D660853C2B8378740071B562 /* Release */,
			);
			defaultConfigurationIsVisible = 0;
			defaultConfigurationName = Release;
		};
		D660853D2B8378740071B562 /* Build configuration list for PBXNativeTarget "PettyUITests" */ = {
			isa = XCConfigurationList;
			buildConfigurations = (
				D660853E2B8378740071B562 /* Debug */,
				D660853F2B8378740071B562 /* Release */,
			);
			defaultConfigurationIsVisible = 0;
			defaultConfigurationName = Release;
		};
/* End XCConfigurationList section */
	};
	rootObject = D66085052B8378720071B562 /* Project object */;
}
